
Microsoft Visual Studio Solution File, Format Version 12.00
# Visual Studio Version 17
VisualStudioVersion = 17.0.31903.59
MinimumVisualStudioVersion = 10.0.40219.1
Project("{2150E333-8FDC-42A3-9474-1A3956D46DE8}") = "src", "src", "{ED757E31-433A-451E-ADE2-24909850C25A}"
EndProject
Project("{FAE04EC0-301F-11D3-BF4B-00C04F79EFBC}") = "CarbonFactor.Api", "src\CarbonFactor.Api\CarbonFactor.Api.csproj", "{D50EEC86-B8BB-4AE3-8195-BA6229E368DC}"
EndProject
Project("{2150E333-8FDC-42A3-9474-1A3956D46DE8}") = "tests", "tests", "{4B4EB0CB-022E-4376-98F5-70BD55709B4C}"
EndProject
Project("{FAE04EC0-301F-11D3-BF4B-00C04F79EFBC}") = "CarbonFactor.Api.Tests", "tests\CarbonFactor.Api.Tests\CarbonFactor.Api.Tests.csproj", "{82883682-4ED1-41B3-A96E-F4EBB617D644}"
EndProject
Global
	GlobalSection(SolutionConfigurationPlatforms) = preSolution
		Debug|Any CPU = Debug|Any CPU
		Release|Any CPU = Release|Any CPU
	EndGlobalSection
	GlobalSection(SolutionProperties) = preSolution
		HideSolutionNode = FALSE
	EndGlobalSection
	GlobalSection(ProjectConfigurationPlatforms) = postSolution
		{D50EEC86-B8BB-4AE3-8195-BA6229E368DC}.Debug|Any CPU.ActiveCfg = Debug|Any CPU
		{D50EEC86-B8BB-4AE3-8195-BA6229E368DC}.Debug|Any CPU.Build.0 = Debug|Any CPU
		{D50EEC86-B8BB-4AE3-8195-BA6229E368DC}.Release|Any CPU.ActiveCfg = Release|Any CPU
		{D50EEC86-B8BB-4AE3-8195-BA6229E368DC}.Release|Any CPU.Build.0 = Release|Any CPU
		{82883682-4ED1-41B3-A96E-F4EBB617D644}.Debug|Any CPU.ActiveCfg = Debug|Any CPU
		{82883682-4ED1-41B3-A96E-F4EBB617D644}.Debug|Any CPU.Build.0 = Debug|Any CPU
		{82883682-4ED1-41B3-A96E-F4EBB617D644}.Release|Any CPU.ActiveCfg = Release|Any CPU
		{82883682-4ED1-41B3-A96E-F4EBB617D644}.Release|Any CPU.Build.0 = Release|Any CPU
	EndGlobalSection
	GlobalSection(NestedProjects) = preSolution
		{D50EEC86-B8BB-4AE3-8195-BA6229E368DC} = {ED757E31-433A-451E-ADE2-24909850C25A}
		{82883682-4ED1-41B3-A96E-F4EBB617D644} = {4B4EB0CB-022E-4376-98F5-70BD55709B4C}
	EndGlobalSection
EndGlobal
